lockfileVersion: '6.0'

settings:
  autoInstallPeers: true
  excludeLinksFromLockfile: false

dependencies:
  highlight.js:
    specifier: ^11.9.0
    version: 11.9.0
  markdown-wasm:
    specifier: ^1.2.0
    version: 1.2.0
  marked:
    specifier: ^11.2.0
    version: 11.2.0
  marked-emoji:
    specifier: ^1.3.1
    version: 1.3.1(marked@11.2.0)
  marked-highlight:
    specifier: ^2.1.0
    version: 2.1.0(marked@11.2.0)
  tippy.js:
    specifier: ^6.3.7
    version: 6.3.7

packages:

  /@popperjs/core@2.11.8:
    resolution: {integrity: sha512-P1st0aksCrn9sGZhp8GMYwBnQsbvAWsZAX44oXNNvLHGqAOcoVxmjZiohstwQ7SqKnbR47akdNi+uleWD8+g6A==}
    dev: false

  /highlight.js@11.9.0:
    resolution: {integrity: sha512-fJ7cW7fQGCYAkgv4CPfwFHrfd/cLS4Hau96JuJ+ZTOWhjnhoeN1ub1tFmALm/+lW5z4WCAuAV9bm05AP0mS6Gw==}
    engines: {node: '>=12.0.0'}
    dev: false

  /markdown-wasm@1.2.0:
    resolution: {integrity: sha512-S12OTkyXCkOgI1n1rZY9cg4bK/PGu80Emjpvwp8BEjwCxhPV3yddF0U6+QhCitdBsI1tzWcoeahmW7k0Pq81OA==}
    dev: false

  /marked-emoji@1.3.1(marked@11.2.0):
    resolution: {integrity: sha512-I3SPjNYUt2n2wvJYRY55O9L/86T+FOxb9Z6jnR7e1oNyagK4GgmecG6JLNX33fYKcG/xWi29KWpQRx9fSBaXMw==}
    peerDependencies:
      marked: '>=4 <12'
    dependencies:
      marked: 11.2.0
    dev: false

  /marked-highlight@2.1.0(marked@11.2.0):
    resolution: {integrity: sha512-peBvgGZZqUw074Vy/N8Y7/6JQhSnR54/T0Ozq2/fAIBzcYfVfExFdQJptIhQxreR1elpwvJRrqhp6S/Prk8prA==}
    peerDependencies:
      marked: '>=4 <12'
    dependencies:
      marked: 11.2.0
    dev: false

  /marked@11.2.0:
    resolution: {integrity: sha512-HR0m3bvu0jAPYiIvLUUQtdg1g6D247//lvcekpHO1WMvbwDlwSkZAX9Lw4F4YHE1T0HaaNve0tuAWuV1UJ6vtw==}
    engines: {node: '>= 18'}
    hasBin: true
    dev: false

  /tippy.js@6.3.7:
    resolution: {integrity: sha512-E1d3oP2emgJ9dRQZdf3Kkn0qJgI6ZLpyS5z6ZkY1DF3kaQaBsGZsndEpHwx+eC+tYM41HaSNvNtLx8tU57FzTQ==}
    dependencies:
      '@popperjs/core': 2.11.8
    dev: false
